// !$*UTF8*$!
{
	archiveVersion = 1;
	classes = {
	};
	objectVersion = 50;
	objects = {

/* Begin PBXBuildFile section */
		C0BCA9B92340E221000E81C5 /* AppDelegate.swift in Sources */ = {isa = PBXBuildFile; fileRef = C0BCA9B82340E221000E81C5 /* AppDelegate.swift */; };
		C0BCA9BB2340E221000E81C5 /* SceneDelegate.swift in Sources */ = {isa = PBXBuildFile; fileRef = C0BCA9BA2340E221000E81C5 /* SceneDelegate.swift */; };
		C0BCA9BD2340E221000E81C5 /* LoginView.swift in Sources */ = {isa = PBXBuildFile; fileRef = C0BCA9BC2340E221000E81C5 /* LoginView.swift */; };
		C0BCA9BF2340E223000E81C5 /* Assets.xcassets in Resources */ = {isa = PBXBuildFile; fileRef = C0BCA9BE2340E223000E81C5 /* Assets.xcassets */; };
		C0BCA9C22340E223000E81C5 /* Preview Assets.xcassets in Resources */ = {isa = PBXBuildFile; fileRef = C0BCA9C12340E223000E81C5 /* Preview Assets.xcassets */; };
		C0BCA9C52340E223000E81C5 /* LaunchScreen.storyboard in Resources */ = {isa = PBXBuildFile; fileRef = C0BCA9C32340E223000E81C5 /* LaunchScreen.storyboard */; };
		C0BCA9CD2340E261000E81C5 /* LoginViewModel.swift in Sources */ = {isa = PBXBuildFile; fileRef = C0BCA9CC2340E261000E81C5 /* LoginViewModel.swift */; };
		C0BCA9CF2340E26C000E81C5 /* HomeView.swift in Sources */ = {isa = PBXBuildFile; fileRef = C0BCA9CE2340E26C000E81C5 /* HomeView.swift */; };
		C0BCA9D12340E2EE000E81C5 /* String.swift in Sources */ = {isa = PBXBuildFile; fileRef = C0BCA9D02340E2EE000E81C5 /* String.swift */; };
/* End PBXBuildFile section */

/* Begin PBXFileReference section */
		C0BCA9B52340E221000E81C5 /* LoginCombineMVVM.app */ = {isa = PBXFileReference; explicitFileType = wrapper.application; includeInIndex = 0; path = LoginCombineMVVM.app; sourceTree = BUILT_PRODUCTS_DIR; };
		C0BCA9B82340E221000E81C5 /* AppDelegate.swift */ = {isa = PBXFileReference; lastKnownFileType = sourcecode.swift; path = AppDelegate.swift; sourceTree = "<group>"; };
		C0BCA9BA2340E221000E81C5 /* SceneDelegate.swift */ = {isa = PBXFileReference; lastKnownFileType = sourcecode.swift; path = SceneDelegate.swift; sourceTree = "<group>"; };
		C0BCA9BC2340E221000E81C5 /* LoginView.swift */ = {isa = PBXFileReference; lastKnownFileType = sourcecode.swift; path = LoginView.swift; sourceTree = "<group>"; };
		C0BCA9BE2340E223000E81C5 /* Assets.xcassets */ = {isa = PBXFileReference; lastKnownFileType = folder.assetcatalog; path = Assets.xcassets; sourceTree = "<group>"; };
		C0BCA9C12340E223000E81C5 /* Preview Assets.xcassets */ = {isa = PBXFileReference; lastKnownFileType = folder.assetcatalog; path = "Preview Assets.xcassets"; sourceTree = "<group>"; };
		C0BCA9C42340E223000E81C5 /* Base */ = {isa = PBXFileReference; lastKnownFileType = file.storyboard; name = Base; path = Base.lproj/LaunchScreen.storyboard; sourceTree = "<group>"; };
		C0BCA9C62340E223000E81C5 /* Info.plist */ = {isa = PBXFileReference; lastKnownFileType = text.plist.xml; path = Info.plist; sourceTree = "<group>"; };
		C0BCA9CC2340E261000E81C5 /* LoginViewModel.swift */ = {isa = PBXFileReference; lastKnownFileType = sourcecode.swift; path = LoginViewModel.swift; sourceTree = "<group>"; };
		C0BCA9CE2340E26C000E81C5 /* HomeView.swift */ = {isa = PBXFileReference; lastKnownFileType = sourcecode.swift; path = HomeView.swift; sourceTree = "<group>"; };
		C0BCA9D02340E2EE000E81C5 /* String.swift */ = {isa = PBXFileReference; lastKnownFileType = sourcecode.swift; path = String.swift; sourceTree = "<group>"; };
/* End PBXFileReference section */

/* Begin PBXFrameworksBuildPhase section */
		C0BCA9B22340E221000E81C5 /* Frameworks */ = {
			isa = PBXFrameworksBuildPhase;
			buildActionMask = 2147483647;
			files = (
			);
			runOnlyForDeploymentPostprocessing = 0;
		};
/* End PBXFrameworksBuildPhase section */

/* Begin PBXGroup section */
		C0BCA9AC2340E221000E81C5 = {
			isa = PBXGroup;
			children = (
				C0BCA9B72340E221000E81C5 /* LoginCombineMVVM */,
				C0BCA9B62340E221000E81C5 /* Products */,
			);
			sourceTree = "<group>";
		};
		C0BCA9B62340E221000E81C5 /* Products */ = {
			isa = PBXGroup;
			children = (
				C0BCA9B52340E221000E81C5 /* LoginCombineMVVM.app */,
			);
			name = Products;
			sourceTree = "<group>";
		};
		C0BCA9B72340E221000E81C5 /* LoginCombineMVVM */ = {
			isa = PBXGroup;
			children = (
				C0BCA9B82340E221000E81C5 /* AppDelegate.swift */,
				C0BCA9BA2340E221000E81C5 /* SceneDelegate.swift */,
				C0BCA9BC2340E221000E81C5 /* LoginView.swift */,
				C0BCA9CC2340E261000E81C5 /* LoginViewModel.swift */,
				C0BCA9CE2340E26C000E81C5 /* HomeView.swift */,
				C0BCA9D02340E2EE000E81C5 /* String.swift */,
				C0BCA9BE2340E223000E81C5 /* Assets.xcassets */,
				C0BCA9C32340E223000E81C5 /* LaunchScreen.storyboard */,
				C0BCA9C62340E223000E81C5 /* Info.plist */,
				C0BCA9C02340E223000E81C5 /* Preview Content */,
			);
			path = LoginCombineMVVM;
			sourceTree = "<group>";
		};
		C0BCA9C02340E223000E81C5 /* Preview Content */ = {
			isa = PBXGroup;
			children = (
				C0BCA9C12340E223000E81C5 /* Preview Assets.xcassets */,
			);
			path = "Preview Content";
			sourceTree = "<group>";
		};
/* End PBXGroup section */

/* Begin PBXNativeTarget section */
		C0BCA9B42340E221000E81C5 /* LoginCombineMVVM */ = {
			isa = PBXNativeTarget;
			buildConfigurationList = C0BCA9C92340E223000E81C5 /* Build configuration list for PBXNativeTarget "LoginCombineMVVM" */;
			buildPhases = (
				C0BCA9B12340E221000E81C5 /* Sources */,
				C0BCA9B22340E221000E81C5 /* Frameworks */,
				C0BCA9B32340E221000E81C5 /* Resources */,
			);
			buildRules = (
			);
			dependencies = (
			);
			name = LoginCombineMVVM;
			productName = LoginCombineMVVM;
			productReference = C0BCA9B52340E221000E81C5 /* LoginCombineMVVM.app */;
			productType = "com.apple.product-type.application";
		};
/* End PBXNativeTarget section */

/* Begin PBXProject section */
		C0BCA9AD2340E221000E81C5 /* Project object */ = {
			isa = PBXProject;
			attributes = {
				LastSwiftUpdateCheck = 1100;
				LastUpgradeCheck = 1100;
				ORGANIZATIONNAME = Atif;
				TargetAttributes = {
					C0BCA9B42340E221000E81C5 = {
						CreatedOnToolsVersion = 11.0;
					};
				};
			};
			buildConfigurationList = C0BCA9B02340E221000E81C5 /* Build configuration list for PBXProject "LoginCombineMVVM" */;
			compatibilityVersion = "Xcode 9.3";
			developmentRegion = en;
			hasScannedForEncodings = 0;
			knownRegions = (
				en,
				Base,
			);
			mainGroup = C0BCA9AC2340E221000E81C5;
			productRefGroup = C0BCA9B62340E221000E81C5 /* Products */;
			projectDirPath = "";
			projectRoot = "";
			targets = (
				C0BCA9B42340E221000E81C5 /* LoginCombineMVVM */,
			);
		};
/* End PBXProject section */

/* Begin PBXResourcesBuildPhase section */
		C0BCA9B32340E221000E81C5 /* Resources */ = {
			isa = PBXResourcesBuildPhase;
			buildActionMask = 2147483647;
			files = (
				C0BCA9C52340E223000E81C5 /* LaunchScreen.storyboard in Resources */,
				C0BCA9C22340E223000E81C5 /* Preview Assets.xcassets in Resources */,
				C0BCA9BF2340E223000E81C5 /* Assets.xcassets in Resources */,
			);
			runOnlyForDeploymentPostprocessing = 0;
		};
/* End PBXResourcesBuildPhase section */

/* Begin PBXSourcesBuildPhase section */
		C0BCA9B12340E221000E81C5 /* Sources */ = {
			isa = PBXSourcesBuildPhase;
			buildActionMask = 2147483647;
			files = (
				C0BCA9D12340E2EE000E81C5 /* String.swift in Sources */,
				C0BCA9CD2340E261000E81C5 /* LoginViewModel.swift in Sources */,
				C0BCA9B92340E221000E81C5 /* AppDelegate.swift in Sources */,
				C0BCA9BB2340E221000E81C5 /* SceneDelegate.swift in Sources */,
				C0BCA9CF2340E26C000E81C5 /* HomeView.swift in Sources */,
				C0BCA9BD2340E221000E81C5 /* LoginView.swift in Sources */,
			);
			runOnlyForDeploymentPostprocessing = 0;
		};
/* End PBXSourcesBuildPhase section */

/* Begin PBXVariantGroup section */
		C0BCA9C32340E223000E81C5 /* LaunchScreen.storyboard */ = {
			isa = PBXVariantGroup;
			children = (
				C0BCA9C42340E223000E81C5 /* Base */,
			);
			name = LaunchScreen.storyboard;
			sourceTree = "<group>";
		};
/* End PBXVariantGroup section */

/* Begin XCBuildConfiguration section */
		C0BCA9C72340E223000E81C5 /* Debug */ = {
			isa = XCBuildConfiguration;
			buildSettings = {
				ALWAYS_SEARCH_USER_PATHS = NO;
				CLANG_ANALYZER_NONNULL = YES;
				CLANG_ANALYZER_NUMBER_OBJECT_CONVERSION = YES_AGGRESSIVE;
				CLANG_CXX_LANGUAGE_STANDARD = "gnu++14";
				CLANG_CXX_LIBRARY = "libc++";
				CLANG_ENABLE_MODULES = YES;
				CLANG_ENABLE_OBJC_ARC = YES;
				CLANG_ENABLE_OBJC_WEAK = YES;
				CLANG_WARN_BLOCK_CAPTURE_AUTORELEASING = YES;
				CLANG_WARN_BOOL_CONVERSION = YES;
				CLANG_WARN_COMMA = YES;
				CLANG_WARN_CONSTANT_CONVERSION = YES;
				CLANG_WARN_DEPRECATED_OBJC_IMPLEMENTATIONS = YES;
				CLANG_WARN_DIRECT_OBJC_ISA_USAGE = YES_ERROR;
				CLANG_WARN_DOCUMENTATION_COMMENTS = YES;
				CLANG_WARN_EMPTY_BODY = YES;
				CLANG_WARN_ENUM_CONVERSION = YES;
				CLANG_WARN_INFINITE_RECURSION = YES;
				CLANG_WARN_INT_CONVERSION = YES;
				CLANG_WARN_NON_LITERAL_NULL_CONVERSION = YES;
				CLANG_WARN_OBJC_IMPLICIT_RETAIN_SELF = YES;
				CLANG_WARN_OBJC_LITERAL_CONVERSION = YES;
				CLANG_WARN_OBJC_ROOT_CLASS = YES_ERROR;
				CLANG_WARN_RANGE_LOOP_ANALYSIS = YES;
				CLANG_WARN_STRICT_PROTOTYPES = YES;
				CLANG_WARN_SUSPICIOUS_MOVE = YES;
				CLANG_WARN_UNGUARDED_AVAILABILITY = YES_AGGRESSIVE;
				CLANG_WARN_UNREACHABLE_CODE = YES;
				CLANG_WARN__DUPLICATE_METHOD_MATCH = YES;
				COPY_PHASE_STRIP = NO;
				DEBUG_INFORMATION_FORMAT = dwarf;
				ENABLE_STRICT_OBJC_MSGSEND = YES;
				ENABLE_TESTABILITY = YES;
				GCC_C_LANGUAGE_STANDARD = gnu11;
				GCC_DYNAMIC_NO_PIC = NO;
				GCC_NO_COMMON_BLOCKS = YES;
				GCC_OPTIMIZATION_LEVEL = 0;
				GCC_PREPROCESSOR_DEFINITIONS = (
					"DEBUG=1",
					"$(inherited)",
				);
				GCC_WARN_64_TO_32_BIT_CONVERSION = YES;
				GCC_WARN_ABOUT_RETURN_TYPE = YES_ERROR;
				GCC_WARN_UNDECLARED_SELECTOR = YES;
				GCC_WARN_UNINITIALIZED_AUTOS = YES_AGGRESSIVE;
				GCC_WARN_UNUSED_FUNCTION = YES;
				GCC_WARN_UNUSED_VARIABLE = YES;
				IPHONEOS_DEPLOYMENT_TARGET = 13.0;
				MTL_ENABLE_DEBUG_INFO = INCLUDE_SOURCE;
				MTL_FAST_MATH = YES;
				ONLY_ACTIVE_ARCH = YES;
				SDKROOT = iphoneos;
				SWIFT_ACTIVE_COMPILATION_CONDITIONS = DEBUG;
				SWIFT_OPTIMIZATION_LEVEL = "-Onone";
			};
			name = Debug;
		};
		C0BCA9C82340E223000E81C5 /* Release */ = {
			isa = XCBuildConfiguration;
			buildSettings = {
				ALWAYS_SEARCH_USER_PATHS = NO;
				CLANG_ANALYZER_NONNULL = YES;
				CLANG_ANALYZER_NUMBER_OBJECT_CONVERSION = YES_AGGRESSIVE;
				CLANG_CXX_LANGUAGE_STANDARD = "gnu++14";
				CLANG_CXX_LIBRARY = "libc++";
				CLANG_ENABLE_MODULES = YES;
				CLANG_ENABLE_OBJC_ARC = YES;
				CLANG_ENABLE_OBJC_WEAK = YES;
				CLANG_WARN_BLOCK_CAPTURE_AUTORELEASING = YES;
				CLANG_WARN_BOOL_CONVERSION = YES;
				CLANG_WARN_COMMA = YES;
				CLANG_WARN_CONSTANT_CONVERSION = YES;
				CLANG_WARN_DEPRECATED_OBJC_IMPLEMENTATIONS = YES;
				CLANG_WARN_DIRECT_OBJC_ISA_USAGE = YES_ERROR;
				CLANG_WARN_DOCUMENTATION_COMMENTS = YES;
				CLANG_WARN_EMPTY_BODY = YES;
				CLANG_WARN_ENUM_CONVERSION = YES;
				CLANG_WARN_INFINITE_RECURSION = YES;
				CLANG_WARN_INT_CONVERSION = YES;
				CLANG_WARN_NON_LITERAL_NULL_CONVERSION = YES;
				CLANG_WARN_OBJC_IMPLICIT_RETAIN_SELF = YES;
				CLANG_WARN_OBJC_LITERAL_CONVERSION = YES;
				CLANG_WARN_OBJC_ROOT_CLASS = YES_ERROR;
				CLANG_WARN_RANGE_LOOP_ANALYSIS = YES;
				CLANG_WARN_STRICT_PROTOTYPES = YES;
				CLANG_WARN_SUSPICIOUS_MOVE = YES;
				CLANG_WARN_UNGUARDED_AVAILABILITY = YES_AGGRESSIVE;
				CLANG_WARN_UNREACHABLE_CODE = YES;
				CLANG_WARN__DUPLICATE_METHOD_MATCH = YES;
				COPY_PHASE_STRIP = NO;
				DEBUG_INFORMATION_FORMAT = "dwarf-with-dsym";
				ENABLE_NS_ASSERTIONS = NO;
				ENABLE_STRICT_OBJC_MSGSEND = YES;
				GCC_C_LANGUAGE_STANDARD = gnu11;
				GCC_NO_COMMON_BLOCKS = YES;
				GCC_WARN_64_TO_32_BIT_CONVERSION = YES;
				GCC_WARN_ABOUT_RETURN_TYPE = YES_ERROR;
				GCC_WARN_UNDECLARED_SELECTOR = YES;
				GCC_WARN_UNINITIALIZED_AUTOS = YES_AGGRESSIVE;
				GCC_WARN_UNUSED_FUNCTION = YES;
				GCC_WARN_UNUSED_VARIABLE = YES;
				IPHONEOS_DEPLOYMENT_TARGET = 13.0;
				MTL_ENABLE_DEBUG_INFO = NO;
				MTL_FAST_MATH = YES;
				SDKROOT = iphoneos;
				SWIFT_COMPILATION_MODE = wholemodule;
				SWIFT_OPTIMIZATION_LEVEL = "-O";
				VALIDATE_PRODUCT = YES;
			};
			name = Release;
		};
		C0BCA9CA2340E223000E81C5 /* Debug */ = {
			isa = XCBuildConfiguration;
			buildSettings = {
				ASSETCATALOG_COMPILER_APPICON_NAME = AppIcon;
				CODE_SIGN_STYLE = Automatic;
				DEVELOPMENT_ASSET_PATHS = "\"LoginCombineMVVM/Preview Content\"";
				DEVELOPMENT_TEAM = HC374WERJC;
				ENABLE_PREVIEWS = YES;
				INFOPLIST_FILE = LoginCombineMVVM/Info.plist;
				LD_RUNPATH_SEARCH_PATHS = (
					"$(inherited)",
					"@executable_path/Frameworks",
				);
				PRODUCT_BUNDLE_IDENTIFIER = "com.atif.gcucs-gmail.com.LoginCombineMVVM";
				PRODUCT_NAME = "$(TARGET_NAME)";
				SWIFT_VERSION = 5.0;
				TARGETED_DEVICE_FAMILY = "1,2";
			};
			name = Debug;
		};
		C0BCA9CB2340E223000E81C5 /* Release */ = {
			isa = XCBuildConfiguration;
			buildSettings = {
				ASSETCATALOG_COMPILER_APPICON_NAME = AppIcon;
				CODE_SIGN_STYLE = Automatic;
				DEVELOPMENT_ASSET_PATHS = "\"LoginCombineMVVM/Preview Content\"";
				DEVELOPMENT_TEAM = HC374WERJC;
				ENABLE_PREVIEWS = YES;
				INFOPLIST_FILE = LoginCombineMVVM/Info.plist;
				LD_RUNPATH_SEARCH_PATHS = (
					"$(inherited)",
					"@executable_path/Frameworks",
				);
				PRODUCT_BUNDLE_IDENTIFIER = "com.atif.gcucs-gmail.com.LoginCombineMVVM";
				PRODUCT_NAME = "$(TARGET_NAME)";
				SWIFT_VERSION = 5.0;
				TARGETED_DEVICE_FAMILY = "1,2";
			};
			name = Release;
		};
/* End XCBuildConfiguration section */

/* Begin XCConfigurationList section */
		C0BCA9B02340E221000E81C5 /* Build configuration list for PBXProject "LoginCombineMVVM" */ = {
			isa = XCConfigurationList;
			buildConfigurations = (
				C0BCA9C72340E223000E81C5 /* Debug */,
				C0BCA9C82340E223000E81C5 /* Release */,
			);
			defaultConfigurationIsVisible = 0;
			defaultConfigurationName = Release;
		};
		C0BCA9C92340E223000E81C5 /* Build configuration list for PBXNativeTarget "LoginCombineMVVM" */ = {
			isa = XCConfigurationList;
			buildConfigurations = (
				C0BCA9CA2340E223000E81C5 /* Debug */,
				C0BCA9CB2340E223000E81C5 /* Release */,
			);
			defaultConfigurationIsVisible = 0;
			defaultConfigurationName = Release;
		};
/* End XCConfigurationList section */
	};
	rootObject = C0BCA9AD2340E221000E81C5 /* Project object */;
}
